// !$*UTF8*$!
{
	archiveVersion = 1;
	classes = {
	};
	objectVersion = 46;
	objects = {

/* Begin PBXBuildFile section */
		940DC2C91BF716B6001FD57D /* DrawView.swift in Sources */ = {isa = PBXBuildFile; fileRef = 940DC2C81BF716B6001FD57D /* DrawView.swift */; };
		941A62731BFDFE1900A41BB8 /* Chemistry-Background.jpg in Resources */ = {isa = PBXBuildFile; fileRef = 941A62721BFDFE1900A41BB8 /* Chemistry-Background.jpg */; };
		944B5CCD1BF707F700C599AB /* AppDelegate.swift in Sources */ = {isa = PBXBuildFile; fileRef = 944B5CCC1BF707F700C599AB /* AppDelegate.swift */; };
		944B5CCF1BF707F700C599AB /* ViewController.swift in Sources */ = {isa = PBXBuildFile; fileRef = 944B5CCE1BF707F700C599AB /* ViewController.swift */; };
		944B5CD21BF707F700C599AB /* Main.storyboard in Resources */ = {isa = PBXBuildFile; fileRef = 944B5CD01BF707F700C599AB /* Main.storyboard */; };
		944B5CD51BF707F700C599AB /* chem_type.xcdatamodeld in Sources */ = {isa = PBXBuildFile; fileRef = 944B5CD31BF707F700C599AB /* chem_type.xcdatamodeld */; };
		944B5CD71BF707F700C599AB /* Assets.xcassets in Resources */ = {isa = PBXBuildFile; fileRef = 944B5CD61BF707F700C599AB /* Assets.xcassets */; };
		944B5CDA1BF707F700C599AB /* LaunchScreen.storyboard in Resources */ = {isa = PBXBuildFile; fileRef = 944B5CD81BF707F700C599AB /* LaunchScreen.storyboard */; };
		944B5CE51BF707F700C599AB /* chem_typeTests.swift in Sources */ = {isa = PBXBuildFile; fileRef = 944B5CE41BF707F700C599AB /* chem_typeTests.swift */; };
		944B5CF01BF707F700C599AB /* chem_typeUITests.swift in Sources */ = {isa = PBXBuildFile; fileRef = 944B5CEF1BF707F700C599AB /* chem_typeUITests.swift */; };
		94A1E9131BFA763F00FA2710 /* Line.swift in Sources */ = {isa = PBXBuildFile; fileRef = 94A1E9121BFA763F00FA2710 /* Line.swift */; };
		94A1E9371BFA767B00FA2710 /* AFHTTPRequestOperation.m in Sources */ = {isa = PBXBuildFile; fileRef = 94A1E9161BFA767B00FA2710 /* AFHTTPRequestOperation.m */; };
		94A1E9381BFA767B00FA2710 /* AFHTTPRequestOperationManager.m in Sources */ = {isa = PBXBuildFile; fileRef = 94A1E9181BFA767B00FA2710 /* AFHTTPRequestOperationManager.m */; };
		94A1E9391BFA767B00FA2710 /* AFHTTPSessionManager.m in Sources */ = {isa = PBXBuildFile; fileRef = 94A1E91A1BFA767B00FA2710 /* AFHTTPSessionManager.m */; };
		94A1E93A1BFA767B00FA2710 /* AFNetworkReachabilityManager.m in Sources */ = {isa = PBXBuildFile; fileRef = 94A1E91D1BFA767B00FA2710 /* AFNetworkReachabilityManager.m */; };
		94A1E93B1BFA767B00FA2710 /* AFSecurityPolicy.m in Sources */ = {isa = PBXBuildFile; fileRef = 94A1E91F1BFA767B00FA2710 /* AFSecurityPolicy.m */; };
		94A1E93C1BFA767B00FA2710 /* AFURLConnectionOperation.m in Sources */ = {isa = PBXBuildFile; fileRef = 94A1E9211BFA767B00FA2710 /* AFURLConnectionOperation.m */; };
		94A1E93D1BFA767B00FA2710 /* AFURLRequestSerialization.m in Sources */ = {isa = PBXBuildFile; fileRef = 94A1E9231BFA767B00FA2710 /* AFURLRequestSerialization.m */; };
		94A1E93E1BFA767B00FA2710 /* AFURLResponseSerialization.m in Sources */ = {isa = PBXBuildFile; fileRef = 94A1E9251BFA767B00FA2710 /* AFURLResponseSerialization.m */; };
		94A1E93F1BFA767B00FA2710 /* AFURLSessionManager.m in Sources */ = {isa = PBXBuildFile; fileRef = 94A1E9271BFA767B00FA2710 /* AFURLSessionManager.m */; };
		94A1E9451BFA767B00FA2710 /* DrawViewController.swift in Sources */ = {isa = PBXBuildFile; fileRef = 94A1E92F1BFA767B00FA2710 /* DrawViewController.swift */; };
		94A1E9461BFA767B00FA2710 /* Info.plist in Resources */ = {isa = PBXBuildFile; fileRef = 94A1E9301BFA767B00FA2710 /* Info.plist */; };
		94A1E94A1BFA767B00FA2710 /* Toucan.swift in Sources */ = {isa = PBXBuildFile; fileRef = 94A1E9351BFA767B00FA2710 /* Toucan.swift */; };
		94A1E94F1BFA797400FA2710 /* ProcessedViewController.swift in Sources */ = {isa = PBXBuildFile; fileRef = 94A1E94E1BFA797400FA2710 /* ProcessedViewController.swift */; };
/* End PBXBuildFile section */

/* Begin PBXContainerItemProxy section */
		944B5CE11BF707F700C599AB /* PBXContainerItemProxy */ = {
			isa = PBXContainerItemProxy;
			containerPortal = 944B5CC11BF707F700C599AB /* Project object */;
			proxyType = 1;
			remoteGlobalIDString = 944B5CC81BF707F700C599AB;
			remoteInfo = "chem-type";
		};
		944B5CEC1BF707F700C599AB /* PBXContainerItemProxy */ = {
			isa = PBXContainerItemProxy;
			containerPortal = 944B5CC11BF707F700C599AB /* Project object */;
			proxyType = 1;
			remoteGlobalIDString = 944B5CC81BF707F700C599AB;
			remoteInfo = "chem-type";
		};
/* End PBXContainerItemProxy section */

/* Begin PBXFileReference section */
		940DC2C81BF716B6001FD57D /* DrawView.swift */ = {isa = PBXFileReference; fileEncoding = 4; lastKnownFileType = sourcecode.swift; path = DrawView.swift; sourceTree = "<group>"; };
		941A62721BFDFE1900A41BB8 /* Chemistry-Background.jpg */ = {isa = PBXFileReference; lastKnownFileType = image.jpeg; path = "Chemistry-Background.jpg"; sourceTree = "<group>"; };
		944B5CC91BF707F700C599AB /* chem-type.app */ = {isa = PBXFileReference; explicitFileType = wrapper.application; includeInIndex = 0; path = "chem-type.app"; sourceTree = BUILT_PRODUCTS_DIR; };
		944B5CCC1BF707F700C599AB /* AppDelegate.swift */ = {isa = PBXFileReference; lastKnownFileType = sourcecode.swift; path = AppDelegate.swift; sourceTree = "<group>"; };
		944B5CCE1BF707F700C599AB /* ViewController.swift */ = {isa = PBXFileReference; lastKnownFileType = sourcecode.swift; path = ViewController.swift; sourceTree = "<group>"; };
		944B5CD11BF707F700C599AB /* Base */ = {isa = PBXFileReference; lastKnownFileType = file.storyboard; name = Base; path = Base.lproj/Main.storyboard; sourceTree = "<group>"; };
		944B5CD41BF707F700C599AB /* chem_type.xcdatamodel */ = {isa = PBXFileReference; lastKnownFileType = wrapper.xcdatamodel; path = chem_type.xcdatamodel; sourceTree = "<group>"; };
		944B5CD61BF707F700C599AB /* Assets.xcassets */ = {isa = PBXFileReference; lastKnownFileType = folder.assetcatalog; path = Assets.xcassets; sourceTree = "<group>"; };
		944B5CD91BF707F700C599AB /* Base */ = {isa = PBXFileReference; lastKnownFileType = file.storyboard; name = Base; path = Base.lproj/LaunchScreen.storyboard; sourceTree = "<group>"; };
		944B5CE01BF707F700C599AB /* chem-typeTests.xctest */ = {isa = PBXFileReference; explicitFileType = wrapper.cfbundle; includeInIndex = 0; path = "chem-typeTests.xctest"; sourceTree = BUILT_PRODUCTS_DIR; };
		944B5CE41BF707F700C599AB /* chem_typeTests.swift */ = {isa = PBXFileReference; lastKnownFileType = sourcecode.swift; path = chem_typeTests.swift; sourceTree = "<group>"; };
		944B5CE61BF707F700C599AB /* Info.plist */ = {isa = PBXFileReference; lastKnownFileType = text.plist.xml; path = Info.plist; sourceTree = "<group>"; };
		944B5CEB1BF707F700C599AB /* chem-typeUITests.xctest */ = {isa = PBXFileReference; explicitFileType = wrapper.cfbundle; includeInIndex = 0; path = "chem-typeUITests.xctest"; sourceTree = BUILT_PRODUCTS_DIR; };
		944B5CEF1BF707F700C599AB /* chem_typeUITests.swift */ = {isa = PBXFileReference; lastKnownFileType = sourcecode.swift; path = chem_typeUITests.swift; sourceTree = "<group>"; };
		944B5CF11BF707F700C599AB /* Info.plist */ = {isa = PBXFileReference; lastKnownFileType = text.plist.xml; path = Info.plist; sourceTree = "<group>"; };
		94A1E90D1BFA75AF00FA2710 /* chem-type-Bridging-Header.h */ = {isa = PBXFileReference; lastKnownFileType = sourcecode.c.h; path = "chem-type-Bridging-Header.h"; sourceTree = "<group>"; };
		94A1E9121BFA763F00FA2710 /* Line.swift */ = {isa = PBXFileReference; fileEncoding = 4; lastKnownFileType = sourcecode.swift; name = Line.swift; path = "chem-type/Line.swift"; sourceTree = "<group>"; };
		94A1E9161BFA767B00FA2710 /* AFHTTPRequestOperation.m */ = {isa = PBXFileReference; fileEncoding = 4; lastKnownFileType = sourcecode.c.objc; name = AFHTTPRequestOperation.m; path = "chem-type/AFHTTPRequestOperation.m"; sourceTree = "<group>"; };
		94A1E9171BFA767B00FA2710 /* AFHTTPRequestOperationManager.h */ = {isa = PBXFileReference; fileEncoding = 4; lastKnownFileType = sourcecode.c.h; name = AFHTTPRequestOperationManager.h; path = "chem-type/AFHTTPRequestOperationManager.h"; sourceTree = "<group>"; };
		94A1E9181BFA767B00FA2710 /* AFHTTPRequestOperationManager.m */ = {isa = PBXFileReference; fileEncoding = 4; lastKnownFileType = sourcecode.c.objc; name = AFHTTPRequestOperationManager.m; path = "chem-type/AFHTTPRequestOperationManager.m"; sourceTree = "<group>"; };
		94A1E9191BFA767B00FA2710 /* AFHTTPSessionManager.h */ = {isa = PBXFileReference; fileEncoding = 4; lastKnownFileType = sourcecode.c.h; name = AFHTTPSessionManager.h; path = "chem-type/AFHTTPSessionManager.h"; sourceTree = "<group>"; };
		94A1E91A1BFA767B00FA2710 /* AFHTTPSessionManager.m */ = {isa = PBXFileReference; fileEncoding = 4; lastKnownFileType = sourcecode.c.objc; name = AFHTTPSessionManager.m; path = "chem-type/AFHTTPSessionManager.m"; sourceTree = "<group>"; };
		94A1E91B1BFA767B00FA2710 /* AFNetworking.h */ = {isa = PBXFileReference; fileEncoding = 4; lastKnownFileType = sourcecode.c.h; name = AFNetworking.h; path = "chem-type/AFNetworking.h"; sourceTree = "<group>"; };
		94A1E91C1BFA767B00FA2710 /* AFNetworkReachabilityManager.h */ = {isa = PBXFileReference; fileEncoding = 4; lastKnownFileType = sourcecode.c.h; name = AFNetworkReachabilityManager.h; path = "chem-type/AFNetworkReachabilityManager.h"; sourceTree = "<group>"; };
		94A1E91D1BFA767B00FA2710 /* AFNetworkReachabilityManager.m */ = {isa = PBXFileReference; fileEncoding = 4; lastKnownFileType = sourcecode.c.objc; name = AFNetworkReachabilityManager.m; path = "chem-type/AFNetworkReachabilityManager.m"; sourceTree = "<group>"; };
		94A1E91E1BFA767B00FA2710 /* AFSecurityPolicy.h */ = {isa = PBXFileReference; fileEncoding = 4; lastKnownFileType = sourcecode.c.h; name = AFSecurityPolicy.h; path = "chem-type/AFSecurityPolicy.h"; sourceTree = "<group>"; };
		94A1E91F1BFA767B00FA2710 /* AFSecurityPolicy.m */ = {isa = PBXFileReference; fileEncoding = 4; lastKnownFileType = sourcecode.c.objc; name = AFSecurityPolicy.m; path = "chem-type/AFSecurityPolicy.m"; sourceTree = "<group>"; };
		94A1E9201BFA767B00FA2710 /* AFURLConnectionOperation.h */ = {isa = PBXFileReference; fileEncoding = 4; lastKnownFileType = sourcecode.c.h; name = AFURLConnectionOperation.h; path = "chem-type/AFURLConnectionOperation.h"; sourceTree = "<group>"; };
		94A1E9211BFA767B00FA2710 /* AFURLConnectionOperation.m */ = {isa = PBXFileReference; fileEncoding = 4; lastKnownFileType = sourcecode.c.objc; name = AFURLConnectionOperation.m; path = "chem-type/AFURLConnectionOperation.m"; sourceTree = "<group>"; };
		94A1E9221BFA767B00FA2710 /* AFURLRequestSerialization.h */ = {isa = PBXFileReference; fileEncoding = 4; lastKnownFileType = sourcecode.c.h; name = AFURLRequestSerialization.h; path = "chem-type/AFURLRequestSerialization.h"; sourceTree = "<group>"; };
		94A1E9231BFA767B00FA2710 /* AFURLRequestSerialization.m */ = {isa = PBXFileReference; fileEncoding = 4; lastKnownFileType = sourcecode.c.objc; name = AFURLRequestSerialization.m; path = "chem-type/AFURLRequestSerialization.m"; sourceTree = "<group>"; };
		94A1E9241BFA767B00FA2710 /* AFURLResponseSerialization.h */ = {isa = PBXFileReference; fileEncoding = 4; lastKnownFileType = sourcecode.c.h; name = AFURLResponseSerialization.h; path = "chem-type/AFURLResponseSerialization.h"; sourceTree = "<group>"; };
		94A1E9251BFA767B00FA2710 /* AFURLResponseSerialization.m */ = {isa = PBXFileReference; fileEncoding = 4; lastKnownFileType = sourcecode.c.objc; name = AFURLResponseSerialization.m; path = "chem-type/AFURLResponseSerialization.m"; sourceTree = "<group>"; };
		94A1E9261BFA767B00FA2710 /* AFURLSessionManager.h */ = {isa = PBXFileReference; fileEncoding = 4; lastKnownFileType = sourcecode.c.h; name = AFURLSessionManager.h; path = "chem-type/AFURLSessionManager.h"; sourceTree = "<group>"; };
		94A1E9271BFA767B00FA2710 /* AFURLSessionManager.m */ = {isa = PBXFileReference; fileEncoding = 4; lastKnownFileType = sourcecode.c.objc; name = AFURLSessionManager.m; path = "chem-type/AFURLSessionManager.m"; sourceTree = "<group>"; };
		94A1E92F1BFA767B00FA2710 /* DrawViewController.swift */ = {isa = PBXFileReference; fileEncoding = 4; lastKnownFileType = sourcecode.swift; name = DrawViewController.swift; path = "chem-type/DrawViewController.swift"; sourceTree = "<group>"; };
		94A1E9301BFA767B00FA2710 /* Info.plist */ = {isa = PBXFileReference; fileEncoding = 4; lastKnownFileType = text.plist.xml; name = Info.plist; path = "chem-type/Info.plist"; sourceTree = "<group>"; };
		94A1E9341BFA767B00FA2710 /* Toucan.h */ = {isa = PBXFileReference; fileEncoding = 4; lastKnownFileType = sourcecode.c.h; name = Toucan.h; path = "chem-type/Toucan.h"; sourceTree = "<group>"; };
		94A1E9351BFA767B00FA2710 /* Toucan.swift */ = {isa = PBXFileReference; fileEncoding = 4; lastKnownFileType = sourcecode.swift; name = Toucan.swift; path = "chem-type/Toucan.swift"; sourceTree = "<group>"; };
		94A1E94E1BFA797400FA2710 /* ProcessedViewController.swift */ = {isa = PBXFileReference; fileEncoding = 4; lastKnownFileType = sourcecode.swift; path = ProcessedViewController.swift; sourceTree = SOURCE_ROOT; };
/* End PBXFileReference section */

/* Begin PBXFrameworksBuildPhase section */
		944B5CC61BF707F700C599AB /* Frameworks */ = {
			isa = PBXFrameworksBuildPhase;
			buildActionMask = 2147483647;
			files = (
			);
			runOnlyForDeploymentPostprocessing = 0;
		};
		944B5CDD1BF707F700C599AB /* Frameworks */ = {
			isa = PBXFrameworksBuildPhase;
			buildActionMask = 2147483647;
			files = (
			);
			runOnlyForDeploymentPostprocessing = 0;
		};
		944B5CE81BF707F700C599AB /* Frameworks */ = {
			isa = PBXFrameworksBuildPhase;
			buildActionMask = 2147483647;
			files = (
			);
			runOnlyForDeploymentPostprocessing = 0;
		};
/* End PBXFrameworksBuildPhase section */

/* Begin PBXGroup section */
		944B5CC01BF707F700C599AB = {
			isa = PBXGroup;
			children = (
				944B5CCB1BF707F700C599AB /* chem-type */,
				944B5CE31BF707F700C599AB /* chem-typeTests */,
				944B5CEE1BF707F700C599AB /* chem-typeUITests */,
				944B5CCA1BF707F700C599AB /* Products */,
			);
			sourceTree = "<group>";
		};
		944B5CCA1BF707F700C599AB /* Products */ = {
			isa = PBXGroup;
			children = (
				944B5CC91BF707F700C599AB /* chem-type.app */,
				944B5CE01BF707F700C599AB /* chem-typeTests.xctest */,
				944B5CEB1BF707F700C599AB /* chem-typeUITests.xctest */,
			);
			name = Products;
			sourceTree = "<group>";
		};
		944B5CCB1BF707F700C599AB /* chem-type */ = {
			isa = PBXGroup;
			children = (
				944B5CCC1BF707F700C599AB /* AppDelegate.swift */,
				944B5CCE1BF707F700C599AB /* ViewController.swift */,
				944B5CD01BF707F700C599AB /* Main.storyboard */,
				940DC2C81BF716B6001FD57D /* DrawView.swift */,
				944B5CD61BF707F700C599AB /* Assets.xcassets */,
				941A62721BFDFE1900A41BB8 /* Chemistry-Background.jpg */,
				94A1E9121BFA763F00FA2710 /* Line.swift */,
				94A1E94E1BFA797400FA2710 /* ProcessedViewController.swift */,
				94A1E9161BFA767B00FA2710 /* AFHTTPRequestOperation.m */,
				94A1E9171BFA767B00FA2710 /* AFHTTPRequestOperationManager.h */,
				94A1E9181BFA767B00FA2710 /* AFHTTPRequestOperationManager.m */,
				94A1E9191BFA767B00FA2710 /* AFHTTPSessionManager.h */,
				94A1E91A1BFA767B00FA2710 /* AFHTTPSessionManager.m */,
				94A1E91B1BFA767B00FA2710 /* AFNetworking.h */,
				94A1E91C1BFA767B00FA2710 /* AFNetworkReachabilityManager.h */,
				94A1E91D1BFA767B00FA2710 /* AFNetworkReachabilityManager.m */,
				94A1E90D1BFA75AF00FA2710 /* chem-type-Bridging-Header.h */,
				94A1E91E1BFA767B00FA2710 /* AFSecurityPolicy.h */,
				94A1E91F1BFA767B00FA2710 /* AFSecurityPolicy.m */,
				94A1E9201BFA767B00FA2710 /* AFURLConnectionOperation.h */,
				94A1E9211BFA767B00FA2710 /* AFURLConnectionOperation.m */,
				94A1E9221BFA767B00FA2710 /* AFURLRequestSerialization.h */,
				94A1E9231BFA767B00FA2710 /* AFURLRequestSerialization.m */,
				94A1E9241BFA767B00FA2710 /* AFURLResponseSerialization.h */,
				94A1E9251BFA767B00FA2710 /* AFURLResponseSerialization.m */,
				94A1E9261BFA767B00FA2710 /* AFURLSessionManager.h */,
				94A1E9271BFA767B00FA2710 /* AFURLSessionManager.m */,
				94A1E92F1BFA767B00FA2710 /* DrawViewController.swift */,
				94A1E9301BFA767B00FA2710 /* Info.plist */,
				94A1E9341BFA767B00FA2710 /* Toucan.h */,
				94A1E9351BFA767B00FA2710 /* Toucan.swift */,
				944B5CD81BF707F700C599AB /* LaunchScreen.storyboard */,
				944B5CD31BF707F700C599AB /* chem_type.xcdatamodeld */,
			);
			path = "chem-type";
			sourceTree = "<group>";
		};
		944B5CE31BF707F700C599AB /* chem-typeTests */ = {
			isa = PBXGroup;
			children = (
				944B5CE41BF707F700C599AB /* chem_typeTests.swift */,
				944B5CE61BF707F700C599AB /* Info.plist */,
			);
			path = "chem-typeTests";
			sourceTree = "<group>";
		};
		944B5CEE1BF707F700C599AB /* chem-typeUITests */ = {
			isa = PBXGroup;
			children = (
				944B5CEF1BF707F700C599AB /* chem_typeUITests.swift */,
				944B5CF11BF707F700C599AB /* Info.plist */,
			);
			path = "chem-typeUITests";
			sourceTree = "<group>";
		};
/* End PBXGroup section */

/* Begin PBXNativeTarget section */
		944B5CC81BF707F700C599AB /* chem-type */ = {
			isa = PBXNativeTarget;
			buildConfigurationList = 944B5CF41BF707F700C599AB /* Build configuration list for PBXNativeTarget "chem-type" */;
			buildPhases = (
				944B5CC51BF707F700C599AB /* Sources */,
				944B5CC61BF707F700C599AB /* Frameworks */,
				944B5CC71BF707F700C599AB /* Resources */,
			);
			buildRules = (
			);
			dependencies = (
			);
			name = "chem-type";
			productName = "chem-type";
			productReference = 944B5CC91BF707F700C599AB /* chem-type.app */;
			productType = "com.apple.product-type.application";
		};
		944B5CDF1BF707F700C599AB /* chem-typeTests */ = {
			isa = PBXNativeTarget;
			buildConfigurationList = 944B5CF71BF707F700C599AB /* Build configuration list for PBXNativeTarget "chem-typeTests" */;
			buildPhases = (
				944B5CDC1BF707F700C599AB /* Sources */,
				944B5CDD1BF707F700C599AB /* Frameworks */,
				944B5CDE1BF707F700C599AB /* Resources */,
			);
			buildRules = (
			);
			dependencies = (
				944B5CE21BF707F700C599AB /* PBXTargetDependency */,
			);
			name = "chem-typeTests";
			productName = "chem-typeTests";
			productReference = 944B5CE01BF707F700C599AB /* chem-typeTests.xctest */;
			productType = "com.apple.product-type.bundle.unit-test";
		};
		944B5CEA1BF707F700C599AB /* chem-typeUITests */ = {
			isa = PBXNativeTarget;
			buildConfigurationList = 944B5CFA1BF707F700C599AB /* Build configuration list for PBXNativeTarget "chem-typeUITests" */;
			buildPhases = (
				944B5CE71BF707F700C599AB /* Sources */,
				944B5CE81BF707F700C599AB /* Frameworks */,
				944B5CE91BF707F700C599AB /* Resources */,
			);
			buildRules = (
			);
			dependencies = (
				944B5CED1BF707F700C599AB /* PBXTargetDependency */,
			);
			name = "chem-typeUITests";
			productName = "chem-typeUITests";
			productReference = 944B5CEB1BF707F700C599AB /* chem-typeUITests.xctest */;
			productType = "com.apple.product-type.bundle.ui-testing";
		};
/* End PBXNativeTarget section */

/* Begin PBXProject section */
		944B5CC11BF707F700C599AB /* Project object */ = {
			isa = PBXProject;
			attributes = {
				LastSwiftUpdateCheck = 0710;
				LastUpgradeCheck = 0710;
				ORGANIZATIONNAME = triki;
				TargetAttributes = {
					944B5CC81BF707F700C599AB = {
						CreatedOnToolsVersion = 7.1.1;
						DevelopmentTeam = ZJ2LZP47BV;
					};
					944B5CDF1BF707F700C599AB = {
						CreatedOnToolsVersion = 7.1.1;
						DevelopmentTeam = ZJ2LZP47BV;
						TestTargetID = 944B5CC81BF707F700C599AB;
					};
					944B5CEA1BF707F700C599AB = {
						CreatedOnToolsVersion = 7.1.1;
						DevelopmentTeam = ZJ2LZP47BV;
						TestTargetID = 944B5CC81BF707F700C599AB;
					};
				};
			};
			buildConfigurationList = 944B5CC41BF707F700C599AB /* Build configuration list for PBXProject "chem-type" */;
			compatibilityVersion = "Xcode 3.2";
			developmentRegion = English;
			hasScannedForEncodings = 0;
			knownRegions = (
				en,
				Base,
			);
			mainGroup = 944B5CC01BF707F700C599AB;
			productRefGroup = 944B5CCA1BF707F700C599AB /* Products */;
			projectDirPath = "";
			projectRoot = "";
			targets = (
				944B5CC81BF707F700C599AB /* chem-type */,
				944B5CDF1BF707F700C599AB /* chem-typeTests */,
				944B5CEA1BF707F700C599AB /* chem-typeUITests */,
			);
		};
/* End PBXProject section */

/* Begin PBXResourcesBuildPhase section */
		944B5CC71BF707F700C599AB /* Resources */ = {
			isa = PBXResourcesBuildPhase;
			buildActionMask = 2147483647;
			files = (
				94A1E9461BFA767B00FA2710 /* Info.plist in Resources */,
				944B5CDA1BF707F700C599AB /* LaunchScreen.storyboard in Resources */,
				941A62731BFDFE1900A41BB8 /* Chemistry-Background.jpg in Resources */,
				944B5CD71BF707F700C599AB /* Assets.xcassets in Resources */,
				944B5CD21BF707F700C599AB /* Main.storyboard in Resources */,
			);
			runOnlyForDeploymentPostprocessing = 0;
		};
		944B5CDE1BF707F700C599AB /* Resources */ = {
			isa = PBXResourcesBuildPhase;
			buildActionMask = 2147483647;
			files = (
			);
			runOnlyForDeploymentPostprocessing = 0;
		};
		944B5CE91BF707F700C599AB /* Resources */ = {
			isa = PBXResourcesBuildPhase;
			buildActionMask = 2147483647;
			files = (
			);
			runOnlyForDeploymentPostprocessing = 0;
		};
/* End PBXResourcesBuildPhase section */

/* Begin PBXSourcesBuildPhase section */
		944B5CC51BF707F700C599AB /* Sources */ = {
			isa = PBXSourcesBuildPhase;
			buildActionMask = 2147483647;
			files = (
				94A1E93C1BFA767B00FA2710 /* AFURLConnectionOperation.m in Sources */,
				94A1E9371BFA767B00FA2710 /* AFHTTPRequestOperation.m in Sources */,
				94A1E93A1BFA767B00FA2710 /* AFNetworkReachabilityManager.m in Sources */,
				94A1E93F1BFA767B00FA2710 /* AFURLSessionManager.m in Sources */,
				94A1E93D1BFA767B00FA2710 /* AFURLRequestSerialization.m in Sources */,
				944B5CCF1BF707F700C599AB /* ViewController.swift in Sources */,
				94A1E94F1BFA797400FA2710 /* ProcessedViewController.swift in Sources */,
				94A1E93E1BFA767B00FA2710 /* AFURLResponseSerialization.m in Sources */,
				944B5CCD1BF707F700C599AB /* AppDelegate.swift in Sources */,
				940DC2C91BF716B6001FD57D /* DrawView.swift in Sources */,
				94A1E94A1BFA767B00FA2710 /* Toucan.swift in Sources */,
				94A1E9381BFA767B00FA2710 /* AFHTTPRequestOperationManager.m in Sources */,
				94A1E9451BFA767B00FA2710 /* DrawViewController.swift in Sources */,
				94A1E93B1BFA767B00FA2710 /* AFSecurityPolicy.m in Sources */,
				944B5CD51BF707F700C599AB /* chem_type.xcdatamodeld in Sources */,
				94A1E9131BFA763F00FA2710 /* Line.swift in Sources */,
				94A1E9391BFA767B00FA2710 /* AFHTTPSessionManager.m in Sources */,
			);
			runOnlyForDeploymentPostprocessing = 0;
		};
		944B5CDC1BF707F700C599AB /* Sources */ = {
			isa = PBXSourcesBuildPhase;
			buildActionMask = 2147483647;
			files = (
				944B5CE51BF707F700C599AB /* chem_typeTests.swift in Sources */,
			);
			runOnlyForDeploymentPostprocessing = 0;
		};
		944B5CE71BF707F700C599AB /* Sources */ = {
			isa = PBXSourcesBuildPhase;
			buildActionMask = 2147483647;
			files = (
				944B5CF01BF707F700C599AB /* chem_typeUITests.swift in Sources */,
			);
			runOnlyForDeploymentPostprocessing = 0;
		};
/* End PBXSourcesBuildPhase section */

/* Begin PBXTargetDependency section */
		944B5CE21BF707F700C599AB /* PBXTargetDependency */ = {
			isa = PBXTargetDependency;
			target = 944B5CC81BF707F700C599AB /* chem-type */;
			targetProxy = 944B5CE11BF707F700C599AB /* PBXContainerItemProxy */;
		};
		944B5CED1BF707F700C599AB /* PBXTargetDependency */ = {
			isa = PBXTargetDependency;
			target = 944B5CC81BF707F700C599AB /* chem-type */;
			targetProxy = 944B5CEC1BF707F700C599AB /* PBXContainerItemProxy */;
		};
/* End PBXTargetDependency section */

/* Begin PBXVariantGroup section */
		944B5CD01BF707F700C599AB /* Main.storyboard */ = {
			isa = PBXVariantGroup;
			children = (
				944B5CD11BF707F700C599AB /* Base */,
			);
			name = Main.storyboard;
			sourceTree = "<group>";
		};
		944B5CD81BF707F700C599AB /* LaunchScreen.storyboard */ = {
			isa = PBXVariantGroup;
			children = (
				944B5CD91BF707F700C599AB /* Base */,
			);
			name = LaunchScreen.storyboard;
			sourceTree = "<group>";
		};
/* End PBXVariantGroup section */

/* Begin XCBuildConfiguration section */
		944B5CF21BF707F700C599AB /* Debug */ = {
			isa = XCBuildConfiguration;
			buildSettings = {
				ALWAYS_SEARCH_USER_PATHS = NO;
				CLANG_CXX_LANGUAGE_STANDARD = "gnu++0x";
				CLANG_CXX_LIBRARY = "libc++";
				CLANG_ENABLE_MODULES = YES;
				CLANG_ENABLE_OBJC_ARC = YES;
				CLANG_WARN_BOOL_CONVERSION = YES;
				CLANG_WARN_CONSTANT_CONVERSION = YES;
				CLANG_WARN_DIRECT_OBJC_ISA_USAGE = YES_ERROR;
				CLANG_WARN_EMPTY_BODY = YES;
				CLANG_WARN_ENUM_CONVERSION = YES;
				CLANG_WARN_INT_CONVERSION = YES;
				CLANG_WARN_OBJC_ROOT_CLASS = YES_ERROR;
				CLANG_WARN_UNREACHABLE_CODE = YES;
				CLANG_WARN__DUPLICATE_METHOD_MATCH = YES;
				"CODE_SIGN_IDENTITY[sdk=iphoneos*]" = "iPhone Developer";
				COPY_PHASE_STRIP = NO;
				DEBUG_INFORMATION_FORMAT = dwarf;
				ENABLE_STRICT_OBJC_MSGSEND = YES;
				ENABLE_TESTABILITY = YES;
				GCC_C_LANGUAGE_STANDARD = gnu99;
				GCC_DYNAMIC_NO_PIC = NO;
				GCC_NO_COMMON_BLOCKS = YES;
				GCC_OPTIMIZATION_LEVEL = 0;
				GCC_PREPROCESSOR_DEFINITIONS = (
					"DEBUG=1",
					"$(inherited)",
				);
				GCC_WARN_64_TO_32_BIT_CONVERSION = YES;
				GCC_WARN_ABOUT_RETURN_TYPE = YES_ERROR;
				GCC_WARN_UNDECLARED_SELECTOR = YES;
				GCC_WARN_UNINITIALIZED_AUTOS = YES_AGGRESSIVE;
				GCC_WARN_UNUSED_FUNCTION = YES;
				GCC_WARN_UNUSED_VARIABLE = YES;
				IPHONEOS_DEPLOYMENT_TARGET = 9.1;
				MTL_ENABLE_DEBUG_INFO = YES;
				ONLY_ACTIVE_ARCH = YES;
				SDKROOT = iphoneos;
				SWIFT_OPTIMIZATION_LEVEL = "-Onone";
				TARGETED_DEVICE_FAMILY = "1,2";
			};
			name = Debug;
		};
		944B5CF31BF707F700C599AB /* Release */ = {
			isa = XCBuildConfiguration;
			buildSettings = {
				ALWAYS_SEARCH_USER_PATHS = NO;
				CLANG_CXX_LANGUAGE_STANDARD = "gnu++0x";
				CLANG_CXX_LIBRARY = "libc++";
				CLANG_ENABLE_MODULES = YES;
				CLANG_ENABLE_OBJC_ARC = YES;
				CLANG_WARN_BOOL_CONVERSION = YES;
				CLANG_WARN_CONSTANT_CONVERSION = YES;
				CLANG_WARN_DIRECT_OBJC_ISA_USAGE = YES_ERROR;
				CLANG_WARN_EMPTY_BODY = YES;
				CLANG_WARN_ENUM_CONVERSION = YES;
				CLANG_WARN_INT_CONVERSION = YES;
				CLANG_WARN_OBJC_ROOT_CLASS = YES_ERROR;
				CLANG_WARN_UNREACHABLE_CODE = YES;
				CLANG_WARN__DUPLICATE_METHOD_MATCH = YES;
				"CODE_SIGN_IDENTITY[sdk=iphoneos*]" = "iPhone Developer";
				COPY_PHASE_STRIP = NO;
				DEBUG_INFORMATION_FORMAT = "dwarf-with-dsym";
				ENABLE_NS_ASSERTIONS = NO;
				ENABLE_STRICT_OBJC_MSGSEND = YES;
				GCC_C_LANGUAGE_STANDARD = gnu99;
				GCC_NO_COMMON_BLOCKS = YES;
				GCC_WARN_64_TO_32_BIT_CONVERSION = YES;
				GCC_WARN_ABOUT_RETURN_TYPE = YES_ERROR;
				GCC_WARN_UNDECLARED_SELECTOR = YES;
				GCC_WARN_UNINITIALIZED_AUTOS = YES_AGGRESSIVE;
				GCC_WARN_UNUSED_FUNCTION = YES;
				GCC_WARN_UNUSED_VARIABLE = YES;
				IPHONEOS_DEPLOYMENT_TARGET = 9.1;
				MTL_ENABLE_DEBUG_INFO = NO;
				SDKROOT = iphoneos;
				TARGETED_DEVICE_FAMILY = "1,2";
				VALIDATE_PRODUCT = YES;
			};
			name = Release;
		};
		944B5CF51BF707F700C599AB /* Debug */ = {
			isa = XCBuildConfiguration;
			buildSettings = {
				ASSETCATALOG_COMPILER_APPICON_NAME = AppIcon;
				CLANG_ENABLE_MODULES = YES;
				CODE_SIGN_IDENTITY = "iPhone Developer";
				FRAMEWORK_SEARCH_PATHS = (
					"$(inherited)",
					"$(PROJECT_DIR)",
				);
				INFOPLIST_FILE = "chem-type/Info.plist";
				LD_RUNPATH_SEARCH_PATHS = "$(inherited) @executable_path/Frameworks";
				PRODUCT_BUNDLE_IDENTIFIER = "trikicorp.chem-type";
				PRODUCT_NAME = "$(TARGET_NAME)";
				SWIFT_OBJC_BRIDGING_HEADER = "chem-type/chem-type-Bridging-Header.h";
				SWIFT_OPTIMIZATION_LEVEL = "-O";
			};
			name = Debug;
		};
		944B5CF61BF707F700C599AB /* Release */ = {
			isa = XCBuildConfiguration;
			buildSettings = {
				ASSETCATALOG_COMPILER_APPICON_NAME = AppIcon;
				CLANG_ENABLE_MODULES = YES;
				CODE_SIGN_IDENTITY = "iPhone Developer";
				FRAMEWORK_SEARCH_PATHS = (
					"$(inherited)",
					"$(PROJECT_DIR)",
				);
				INFOPLIST_FILE = "chem-type/Info.plist";
				LD_RUNPATH_SEARCH_PATHS = "$(inherited) @executable_path/Frameworks";
				PRODUCT_BUNDLE_IDENTIFIER = "trikicorp.chem-type";
				PRODUCT_NAME = "$(TARGET_NAME)";
				SWIFT_OBJC_BRIDGING_HEADER = "chem-type/chem-type-Bridging-Header.h";
				SWIFT_OPTIMIZATION_LEVEL = "-Onone";
			};
			name = Release;
		};
		944B5CF81BF707F700C599AB /* Debug */ = {
			isa = XCBuildConfiguration;
			buildSettings = {
				BUNDLE_LOADER = "$(TEST_HOST)";
				INFOPLIST_FILE = "chem-typeTests/Info.plist";
				LD_RUNPATH_SEARCH_PATHS = "$(inherited) @executable_path/Frameworks @loader_path/Frameworks";
				PRODUCT_BUNDLE_IDENTIFIER = "trikicorp.chem-typeTests";
				PRODUCT_NAME = "$(TARGET_NAME)";
				TEST_HOST = "$(BUILT_PRODUCTS_DIR)/chem-type.app/chem-type";
			};
			name = Debug;
		};
		944B5CF91BF707F700C599AB /* Release */ = {
			isa = XCBuildConfiguration;
			buildSettings = {
				BUNDLE_LOADER = "$(TEST_HOST)";
				INFOPLIST_FILE = "chem-typeTests/Info.plist";
				LD_RUNPATH_SEARCH_PATHS = "$(inherited) @executable_path/Frameworks @loader_path/Frameworks";
				PRODUCT_BUNDLE_IDENTIFIER = "trikicorp.chem-typeTests";
				PRODUCT_NAME = "$(TARGET_NAME)";
				TEST_HOST = "$(BUILT_PRODUCTS_DIR)/chem-type.app/chem-type";
			};
			name = Release;
		};
		944B5CFB1BF707F700C599AB /* Debug */ = {
			isa = XCBuildConfiguration;
			buildSettings = {
				INFOPLIST_FILE = "chem-typeUITests/Info.plist";
				LD_RUNPATH_SEARCH_PATHS = "$(inherited) @executable_path/Frameworks @loader_path/Frameworks";
				PRODUCT_BUNDLE_IDENTIFIER = "trikicorp.chem-typeUITests";
				PRODUCT_NAME = "$(TARGET_NAME)";
				TEST_TARGET_NAME = "chem-type";
				USES_XCTRUNNER = YES;
			};
			name = Debug;
		};
		944B5CFC1BF707F700C599AB /* Release */ = {
			isa = XCBuildConfiguration;
			buildSettings = {
				INFOPLIST_FILE = "chem-typeUITests/Info.plist";
				LD_RUNPATH_SEARCH_PATHS = "$(inherited) @executable_path/Frameworks @loader_path/Frameworks";
				PRODUCT_BUNDLE_IDENTIFIER = "trikicorp.chem-typeUITests";
				PRODUCT_NAME = "$(TARGET_NAME)";
				TEST_TARGET_NAME = "chem-type";
				USES_XCTRUNNER = YES;
			};
			name = Release;
		};
/* End XCBuildConfiguration section */

/* Begin XCConfigurationList section */
		944B5CC41BF707F700C599AB /* Build configuration list for PBXProject "chem-type" */ = {
			isa = XCConfigurationList;
			buildConfigurations = (
				944B5CF21BF707F700C599AB /* Debug */,
				944B5CF31BF707F700C599AB /* Release */,
			);
			defaultConfigurationIsVisible = 0;
			defaultConfigurationName = Release;
		};
		944B5CF41BF707F700C599AB /* Build configuration list for PBXNativeTarget "chem-type" */ = {
			isa = XCConfigurationList;
			buildConfigurations = (
				944B5CF51BF707F700C599AB /* Debug */,
				944B5CF61BF707F700C599AB /* Release */,
			);
			defaultConfigurationIsVisible = 0;
			defaultConfigurationName = Release;
		};
		944B5CF71BF707F700C599AB /* Build configuration list for PBXNativeTarget "chem-typeTests" */ = {
			isa = XCConfigurationList;
			buildConfigurations = (
				944B5CF81BF707F700C599AB /* Debug */,
				944B5CF91BF707F700C599AB /* Release */,
			);
			defaultConfigurationIsVisible = 0;
			defaultConfigurationName = Release;
		};
		944B5CFA1BF707F700C599AB /* Build configuration list for PBXNativeTarget "chem-typeUITests" */ = {
			isa = XCConfigurationList;
			buildConfigurations = (
				944B5CFB1BF707F700C599AB /* Debug */,
				944B5CFC1BF707F700C599AB /* Release */,
			);
			defaultConfigurationIsVisible = 0;
			defaultConfigurationName = Release;
		};
/* End XCConfigurationList section */

/* Begin XCVersionGroup section */
		944B5CD31BF707F700C599AB /* chem_type.xcdatamodeld */ = {
			isa = XCVersionGroup;
			children = (
				944B5CD41BF707F700C599AB /* chem_type.xcdatamodel */,
			);
			currentVersion = 944B5CD41BF707F700C599AB /* chem_type.xcdatamodel */;
			path = chem_type.xcdatamodeld;
			sourceTree = "<group>";
			versionGroupType = wrapper.xcdatamodel;
		};
/* End XCVersionGroup section */
	};
	rootObject = 944B5CC11BF707F700C599AB /* Project object */;
}
